// !$*UTF8*$!
{
	archiveVersion = 1;
	classes = {
	};
	objectVersion = 56;
	objects = {

/* Begin PBXBuildFile section */
		A1DC36392A5A375100970993 /* Ah__Lista_de_ComprasApp.swift in Sources */ = {isa = PBXBuildFile; fileRef = A1DC36382A5A375100970993 /* Ah__Lista_de_ComprasApp.swift */; };
		A1DC363B2A5A375100970993 /* ContentView.swift in Sources */ = {isa = PBXBuildFile; fileRef = A1DC363A2A5A375100970993 /* ContentView.swift */; };
		A1DC363D2A5A375200970993 /* Assets.xcassets in Resources */ = {isa = PBXBuildFile; fileRef = A1DC363C2A5A375200970993 /* Assets.xcassets */; };
		A1DC36402A5A375200970993 /* Preview Assets.xcassets in Resources */ = {isa = PBXBuildFile; fileRef = A1DC363F2A5A375200970993 /* Preview Assets.xcassets */; };
		A1DC364A2A5A42BF00970993 /* FirstAcessList.swift in Sources */ = {isa = PBXBuildFile; fileRef = A1DC36492A5A42BF00970993 /* FirstAcessList.swift */; };
		A1DC364C2A5A43CE00970993 /* ColorButtoSimple.swift in Sources */ = {isa = PBXBuildFile; fileRef = A1DC364B2A5A43CE00970993 /* ColorButtoSimple.swift */; };
/* End PBXBuildFile section */

/* Begin PBXFileReference section */
		A1DC36352A5A375100970993 /* Ah! Lista de Compras.app */ = {isa = PBXFileReference; explicitFileType = wrapper.application; includeInIndex = 0; path = "Ah! Lista de Compras.app"; sourceTree = BUILT_PRODUCTS_DIR; };
		A1DC36382A5A375100970993 /* Ah__Lista_de_ComprasApp.swift */ = {isa = PBXFileReference; lastKnownFileType = sourcecode.swift; path = Ah__Lista_de_ComprasApp.swift; sourceTree = "<group>"; };
		A1DC363A2A5A375100970993 /* ContentView.swift */ = {isa = PBXFileReference; lastKnownFileType = sourcecode.swift; path = ContentView.swift; sourceTree = "<group>"; };
		A1DC363C2A5A375200970993 /* Assets.xcassets */ = {isa = PBXFileReference; lastKnownFileType = folder.assetcatalog; path = Assets.xcassets; sourceTree = "<group>"; };
		A1DC363F2A5A375200970993 /* Preview Assets.xcassets */ = {isa = PBXFileReference; lastKnownFileType = folder.assetcatalog; path = "Preview Assets.xcassets"; sourceTree = "<group>"; };
		A1DC36492A5A42BF00970993 /* FirstAcessList.swift */ = {isa = PBXFileReference; lastKnownFileType = sourcecode.swift; path = FirstAcessList.swift; sourceTree = "<group>"; };
		A1DC364B2A5A43CE00970993 /* ColorButtoSimple.swift */ = {isa = PBXFileReference; lastKnownFileType = sourcecode.swift; path = ColorButtoSimple.swift; sourceTree = "<group>"; };
/* End PBXFileReference section */

/* Begin PBXFrameworksBuildPhase section */
		A1DC36322A5A375100970993 /* Frameworks */ = {
			isa = PBXFrameworksBuildPhase;
			buildActionMask = 2147483647;
			files = (
			);
			runOnlyForDeploymentPostprocessing = 0;
		};
/* End PBXFrameworksBuildPhase section */

/* Begin PBXGroup section */
		A1DC362C2A5A375100970993 = {
			isa = PBXGroup;
			children = (
				A1DC36372A5A375100970993 /* Ah! Lista de Compras */,
				A1DC36362A5A375100970993 /* Products */,
			);
			sourceTree = "<group>";
		};
		A1DC36362A5A375100970993 /* Products */ = {
			isa = PBXGroup;
			children = (
				A1DC36352A5A375100970993 /* Ah! Lista de Compras.app */,
			);
			name = Products;
			sourceTree = "<group>";
		};
		A1DC36372A5A375100970993 /* Ah! Lista de Compras */ = {
			isa = PBXGroup;
			children = (
				A1DC36382A5A375100970993 /* Ah__Lista_de_ComprasApp.swift */,
				A1DC363A2A5A375100970993 /* ContentView.swift */,
				A1DC36462A5A377F00970993 /* View */,
				A1DC36472A5A378700970993 /* ViewModel */,
				A1DC36482A5A379600970993 /* Model */,
				A1DC363E2A5A375200970993 /* Preview Content */,
			);
			path = "Ah! Lista de Compras";
			sourceTree = "<group>";
		};
		A1DC363E2A5A375200970993 /* Preview Content */ = {
			isa = PBXGroup;
			children = (
				A1DC363C2A5A375200970993 /* Assets.xcassets */,
				A1DC363F2A5A375200970993 /* Preview Assets.xcassets */,
			);
			path = "Preview Content";
			sourceTree = "<group>";
		};
		A1DC36462A5A377F00970993 /* View */ = {
			isa = PBXGroup;
			children = (
				A1DC36492A5A42BF00970993 /* FirstAcessList.swift */,
			);
			path = View;
			sourceTree = "<group>";
		};
		A1DC36472A5A378700970993 /* ViewModel */ = {
			isa = PBXGroup;
			children = (
				A1DC364B2A5A43CE00970993 /* ColorButtoSimple.swift */,
			);
			path = ViewModel;
			sourceTree = "<group>";
		};
		A1DC36482A5A379600970993 /* Model */ = {
			isa = PBXGroup;
			children = (
			);
			path = Model;
			sourceTree = "<group>";
		};
/* End PBXGroup section */

/* Begin PBXNativeTarget section */
		A1DC36342A5A375100970993 /* Ah! Lista de Compras */ = {
			isa = PBXNativeTarget;
			buildConfigurationList = A1DC36432A5A375200970993 /* Build configuration list for PBXNativeTarget "Ah! Lista de Compras" */;
			buildPhases = (
				A1DC36312A5A375100970993 /* Sources */,
				A1DC36322A5A375100970993 /* Frameworks */,
				A1DC36332A5A375100970993 /* Resources */,
			);
			buildRules = (
			);
			dependencies = (
			);
			name = "Ah! Lista de Compras";
			productName = "Ah! Lista de Compras";
			productReference = A1DC36352A5A375100970993 /* Ah! Lista de Compras.app */;
			productType = "com.apple.product-type.application";
		};
/* End PBXNativeTarget section */

/* Begin PBXProject section */
		A1DC362D2A5A375100970993 /* Project object */ = {
			isa = PBXProject;
			attributes = {
				BuildIndependentTargetsInParallel = 1;
				LastSwiftUpdateCheck = 1430;
				LastUpgradeCheck = 1430;
				TargetAttributes = {
					A1DC36342A5A375100970993 = {
						CreatedOnToolsVersion = 14.3.1;
					};
				};
			};
			buildConfigurationList = A1DC36302A5A375100970993 /* Build configuration list for PBXProject "Ah! Lista de Compras" */;
			compatibilityVersion = "Xcode 14.0";
			developmentRegion = en;
			hasScannedForEncodings = 0;
			knownRegions = (
				en,
				Base,
			);
			mainGroup = A1DC362C2A5A375100970993;
			productRefGroup = A1DC36362A5A375100970993 /* Products */;
			projectDirPath = "";
			projectRoot = "";
			targets = (
				A1DC36342A5A375100970993 /* Ah! Lista de Compras */,
			);
		};
/* End PBXProject section */

/* Begin PBXResourcesBuildPhase section */
		A1DC36332A5A375100970993 /* Resources */ = {
			isa = PBXResourcesBuildPhase;
			buildActionMask = 2147483647;
			files = (
				A1DC36402A5A375200970993 /* Preview Assets.xcassets in Resources */,
				A1DC363D2A5A375200970993 /* Assets.xcassets in Resources */,
			);
			runOnlyForDeploymentPostprocessing = 0;
		};
/* End PBXResourcesBuildPhase section */

/* Begin PBXSourcesBuildPhase section */
		A1DC36312A5A375100970993 /* Sources */ = {
			isa = PBXSourcesBuildPhase;
			buildActionMask = 2147483647;
			files = (
				A1DC364C2A5A43CE00970993 /* ColorButtoSimple.swift in Sources */,
				A1DC364A2A5A42BF00970993 /* FirstAcessList.swift in Sources */,
				A1DC363B2A5A375100970993 /* ContentView.swift in Sources */,
				A1DC36392A5A375100970993 /* Ah__Lista_de_ComprasApp.swift in Sources */,
			);
			runOnlyForDeploymentPostprocessing = 0;
		};
/* End PBXSourcesBuildPhase section */

/* Begin XCBuildConfiguration section */
		A1DC36412A5A375200970993 /* Debug */ = {
			isa = XCBuildConfiguration;
			buildSettings = {
				ALWAYS_SEARCH_USER_PATHS = NO;
				CLANG_ANALYZER_NONNULL = YES;
				CLANG_ANALYZER_NUMBER_OBJECT_CONVERSION = YES_AGGRESSIVE;
				CLANG_CXX_LANGUAGE_STANDARD = "gnu++20";
				CLANG_ENABLE_MODULES = YES;
				CLANG_ENABLE_OBJC_ARC = YES;
				CLANG_ENABLE_OBJC_WEAK = YES;
				CLANG_WARN_BLOCK_CAPTURE_AUTORELEASING = YES;
				CLANG_WARN_BOOL_CONVERSION = YES;
				CLANG_WARN_COMMA = YES;
				CLANG_WARN_CONSTANT_CONVERSION = YES;
				CLANG_WARN_DEPRECATED_OBJC_IMPLEMENTATIONS = YES;
				CLANG_WARN_DIRECT_OBJC_ISA_USAGE = YES_ERROR;
				CLANG_WARN_DOCUMENTATION_COMMENTS = YES;
				CLANG_WARN_EMPTY_BODY = YES;
				CLANG_WARN_ENUM_CONVERSION = YES;
				CLANG_WARN_INFINITE_RECURSION = YES;
				CLANG_WARN_INT_CONVERSION = YES;
				CLANG_WARN_NON_LITERAL_NULL_CONVERSION = YES;
				CLANG_WARN_OBJC_IMPLICIT_RETAIN_SELF = YES;
				CLANG_WARN_OBJC_LITERAL_CONVERSION = YES;
				CLANG_WARN_OBJC_ROOT_CLASS = YES_ERROR;
				CLANG_WARN_QUOTED_INCLUDE_IN_FRAMEWORK_HEADER = YES;
				CLANG_WARN_RANGE_LOOP_ANALYSIS = YES;
				CLANG_WARN_STRICT_PROTOTYPES = YES;
				CLANG_WARN_SUSPICIOUS_MOVE = YES;
				CLANG_WARN_UNGUARDED_AVAILABILITY = YES_AGGRESSIVE;
				CLANG_WARN_UNREACHABLE_CODE = YES;
				CLANG_WARN__DUPLICATE_METHOD_MATCH = YES;
				COPY_PHASE_STRIP = NO;
				DEBUG_INFORMATION_FORMAT = dwarf;
				ENABLE_STRICT_OBJC_MSGSEND = YES;
				ENABLE_TESTABILITY = YES;
				GCC_C_LANGUAGE_STANDARD = gnu11;
				GCC_DYNAMIC_NO_PIC = NO;
				GCC_NO_COMMON_BLOCKS = YES;
				GCC_OPTIMIZATION_LEVEL = 0;
				GCC_PREPROCESSOR_DEFINITIONS = (
					"DEBUG=1",
					"$(inherited)",
				);
				GCC_WARN_64_TO_32_BIT_CONVERSION = YES;
				GCC_WARN_ABOUT_RETURN_TYPE = YES_ERROR;
				GCC_WARN_UNDECLARED_SELECTOR = YES;
				GCC_WARN_UNINITIALIZED_AUTOS = YES_AGGRESSIVE;
				GCC_WARN_UNUSED_FUNCTION = YES;
				GCC_WARN_UNUSED_VARIABLE = YES;
				IPHONEOS_DEPLOYMENT_TARGET = 16.4;
				MTL_ENABLE_DEBUG_INFO = INCLUDE_SOURCE;
				MTL_FAST_MATH = YES;
				ONLY_ACTIVE_ARCH = YES;
				SDKROOT = iphoneos;
				SWIFT_ACTIVE_COMPILATION_CONDITIONS = DEBUG;
				SWIFT_OPTIMIZATION_LEVEL = "-Onone";
			};
			name = Debug;
		};
		A1DC36422A5A375200970993 /* Release */ = {
			isa = XCBuildConfiguration;
			buildSettings = {
				ALWAYS_SEARCH_USER_PATHS = NO;
				CLANG_ANALYZER_NONNULL = YES;
				CLANG_ANALYZER_NUMBER_OBJECT_CONVERSION = YES_AGGRESSIVE;
				CLANG_CXX_LANGUAGE_STANDARD = "gnu++20";
				CLANG_ENABLE_MODULES = YES;
				CLANG_ENABLE_OBJC_ARC = YES;
				CLANG_ENABLE_OBJC_WEAK = YES;
				CLANG_WARN_BLOCK_CAPTURE_AUTORELEASING = YES;
				CLANG_WARN_BOOL_CONVERSION = YES;
				CLANG_WARN_COMMA = YES;
				CLANG_WARN_CONSTANT_CONVERSION = YES;
				CLANG_WARN_DEPRECATED_OBJC_IMPLEMENTATIONS = YES;
				CLANG_WARN_DIRECT_OBJC_ISA_USAGE = YES_ERROR;
				CLANG_WARN_DOCUMENTATION_COMMENTS = YES;
				CLANG_WARN_EMPTY_BODY = YES;
				CLANG_WARN_ENUM_CONVERSION = YES;
				CLANG_WARN_INFINITE_RECURSION = YES;
				CLANG_WARN_INT_CONVERSION = YES;
				CLANG_WARN_NON_LITERAL_NULL_CONVERSION = YES;
				CLANG_WARN_OBJC_IMPLICIT_RETAIN_SELF = YES;
				CLANG_WARN_OBJC_LITERAL_CONVERSION = YES;
				CLANG_WARN_OBJC_ROOT_CLASS = YES_ERROR;
				CLANG_WARN_QUOTED_INCLUDE_IN_FRAMEWORK_HEADER = YES;
				CLANG_WARN_RANGE_LOOP_ANALYSIS = YES;
				CLANG_WARN_STRICT_PROTOTYPES = YES;
				CLANG_WARN_SUSPICIOUS_MOVE = YES;
				CLANG_WARN_UNGUARDED_AVAILABILITY = YES_AGGRESSIVE;
				CLANG_WARN_UNREACHABLE_CODE = YES;
				CLANG_WARN__DUPLICATE_METHOD_MATCH = YES;
				COPY_PHASE_STRIP = NO;
				DEBUG_INFORMATION_FORMAT = "dwarf-with-dsym";
				ENABLE_NS_ASSERTIONS = NO;
				ENABLE_STRICT_OBJC_MSGSEND = YES;
				GCC_C_LANGUAGE_STANDARD = gnu11;
				GCC_NO_COMMON_BLOCKS = YES;
				GCC_WARN_64_TO_32_BIT_CONVERSION = YES;
				GCC_WARN_ABOUT_RETURN_TYPE = YES_ERROR;
				GCC_WARN_UNDECLARED_SELECTOR = YES;
				GCC_WARN_UNINITIALIZED_AUTOS = YES_AGGRESSIVE;
				GCC_WARN_UNUSED_FUNCTION = YES;
				GCC_WARN_UNUSED_VARIABLE = YES;
				IPHONEOS_DEPLOYMENT_TARGET = 16.4;
				MTL_ENABLE_DEBUG_INFO = NO;
				MTL_FAST_MATH = YES;
				SDKROOT = iphoneos;
				SWIFT_COMPILATION_MODE = wholemodule;
				SWIFT_OPTIMIZATION_LEVEL = "-O";
				VALIDATE_PRODUCT = YES;
			};
			name = Release;
		};
		A1DC36442A5A375200970993 /* Debug */ = {
			isa = XCBuildConfiguration;
			buildSettings = {
				ASSETCATALOG_COMPILER_APPICON_NAME = AppIcon;
				ASSETCATALOG_COMPILER_GLOBAL_ACCENT_COLOR_NAME = AccentColor;
				CODE_SIGN_STYLE = Automatic;
				CURRENT_PROJECT_VERSION = 1;
				DEVELOPMENT_ASSET_PATHS = "\"Ah! Lista de Compras/Preview Content\"";
				DEVELOPMENT_TEAM = K9B45X443Y;
				ENABLE_PREVIEWS = YES;
				GENERATE_INFOPLIST_FILE = YES;
				INFOPLIST_KEY_UIApplicationSceneManifest_Generation = YES;
				INFOPLIST_KEY_UIApplicationSupportsIndirectInputEvents = YES;
				INFOPLIST_KEY_UILaunchScreen_Generation = YES;
				INFOPLIST_KEY_UISupportedInterfaceOrientations_iPad = "UIInterfaceOrientationPortrait UIInterfaceOrientationPortraitUpsideDown UIInterfaceOrientationLandscapeLeft UIInterfaceOrientationLandscapeRight";
				INFOPLIST_KEY_UISupportedInterfaceOrientations_iPhone = "UIInterfaceOrientationPortrait UIInterfaceOrientationLandscapeLeft UIInterfaceOrientationLandscapeRight";
				LD_RUNPATH_SEARCH_PATHS = (
					"$(inherited)",
					"@executable_path/Frameworks",
				);
				MARKETING_VERSION = 1.0;
				PRODUCT_BUNDLE_IDENTIFIER = "romaoboris-gmail.com.Ah--Lista-de-Compras";
				PRODUCT_NAME = "$(TARGET_NAME)";
				SWIFT_EMIT_LOC_STRINGS = YES;
				SWIFT_VERSION = 5.0;
				TARGETED_DEVICE_FAMILY = "1,2";
			};
			name = Debug;
		};
		A1DC36452A5A375200970993 /* Release */ = {
			isa = XCBuildConfiguration;
			buildSettings = {
				ASSETCATALOG_COMPILER_APPICON_NAME = AppIcon;
				ASSETCATALOG_COMPILER_GLOBAL_ACCENT_COLOR_NAME = AccentColor;
				CODE_SIGN_STYLE = Automatic;
				CURRENT_PROJECT_VERSION = 1;
				DEVELOPMENT_ASSET_PATHS = "\"Ah! Lista de Compras/Preview Content\"";
				DEVELOPMENT_TEAM = K9B45X443Y;
				ENABLE_PREVIEWS = YES;
				GENERATE_INFOPLIST_FILE = YES;
				INFOPLIST_KEY_UIApplicationSceneManifest_Generation = YES;
				INFOPLIST_KEY_UIApplicationSupportsIndirectInputEvents = YES;
				INFOPLIST_KEY_UILaunchScreen_Generation = YES;
				INFOPLIST_KEY_UISupportedInterfaceOrientations_iPad = "UIInterfaceOrientationPortrait UIInterfaceOrientationPortraitUpsideDown UIInterfaceOrientationLandscapeLeft UIInterfaceOrientationLandscapeRight";
				INFOPLIST_KEY_UISupportedInterfaceOrientations_iPhone = "UIInterfaceOrientationPortrait UIInterfaceOrientationLandscapeLeft UIInterfaceOrientationLandscapeRight";
				LD_RUNPATH_SEARCH_PATHS = (
					"$(inherited)",
					"@executable_path/Frameworks",
				);
				MARKETING_VERSION = 1.0;
				PRODUCT_BUNDLE_IDENTIFIER = "romaoboris-gmail.com.Ah--Lista-de-Compras";
				PRODUCT_NAME = "$(TARGET_NAME)";
				SWIFT_EMIT_LOC_STRINGS = YES;
				SWIFT_VERSION = 5.0;
				TARGETED_DEVICE_FAMILY = "1,2";
			};
			name = Release;
		};
/* End XCBuildConfiguration section */

/* Begin XCConfigurationList section */
		A1DC36302A5A375100970993 /* Build configuration list for PBXProject "Ah! Lista de Compras" */ = {
			isa = XCConfigurationList;
			buildConfigurations = (
				A1DC36412A5A375200970993 /* Debug */,
				A1DC36422A5A375200970993 /* Release */,
			);
			defaultConfigurationIsVisible = 0;
			defaultConfigurationName = Release;
		};
		A1DC36432A5A375200970993 /* Build configuration list for PBXNativeTarget "Ah! Lista de Compras" */ = {
			isa = XCConfigurationList;
			buildConfigurations = (
				A1DC36442A5A375200970993 /* Debug */,
				A1DC36452A5A375200970993 /* Release */,
			);
			defaultConfigurationIsVisible = 0;
			defaultConfigurationName = Release;
		};
/* End XCConfigurationList section */
	};
	rootObject = A1DC362D2A5A375100970993 /* Project object */;
}
